// !$*UTF8*$!
{
	archiveVersion = 1;
	classes = {
	};
	objectVersion = 50;
	objects = {

/* Begin PBXBuildFile section */
		1AE9FC727076766E149E6450 /* Pods_Hero_Guest.framework in Frameworks */ = {isa = PBXBuildFile; fileRef = 928AB75EFF70002B4B38B1A3 /* Pods_Hero_Guest.framework */; };
		37CE98CDC4FCDF02942EB1B0 /* Pods_Hero_GuestUITests.framework in Frameworks */ = {isa = PBXBuildFile; fileRef = 2F60845020C4E69E9B6793A9 /* Pods_Hero_GuestUITests.framework */; };
		A612650D208108D00052D6B9 /* Home.storyboard in Resources */ = {isa = PBXBuildFile; fileRef = A612650C208108D00052D6B9 /* Home.storyboard */; };
		A612650F208108FE0052D6B9 /* HomeController.swift in Sources */ = {isa = PBXBuildFile; fileRef = A612650E208108FE0052D6B9 /* HomeController.swift */; };
		A6B79F0720803B9500660BBC /* AppDelegate.swift in Sources */ = {isa = PBXBuildFile; fileRef = A6B79F0620803B9500660BBC /* AppDelegate.swift */; };
		A6B79F0920803B9500660BBC /* SignInController.swift in Sources */ = {isa = PBXBuildFile; fileRef = A6B79F0820803B9500660BBC /* SignInController.swift */; };
		A6B79F0C20803B9500660BBC /* Main.storyboard in Resources */ = {isa = PBXBuildFile; fileRef = A6B79F0A20803B9500660BBC /* Main.storyboard */; };
		A6B79F0E20803B9900660BBC /* Assets.xcassets in Resources */ = {isa = PBXBuildFile; fileRef = A6B79F0D20803B9900660BBC /* Assets.xcassets */; };
		A6B79F1120803B9900660BBC /* LaunchScreen.storyboard in Resources */ = {isa = PBXBuildFile; fileRef = A6B79F0F20803B9900660BBC /* LaunchScreen.storyboard */; };
		A6B79F1C20803B9A00660BBC /* Hero_GuestTests.swift in Sources */ = {isa = PBXBuildFile; fileRef = A6B79F1B20803B9A00660BBC /* Hero_GuestTests.swift */; };
		A6B79F2720803B9A00660BBC /* Hero_GuestUITests.swift in Sources */ = {isa = PBXBuildFile; fileRef = A6B79F2620803B9A00660BBC /* Hero_GuestUITests.swift */; };
		A6B79F3A20803FE000660BBC /* CustomTextFieldView.swift in Sources */ = {isa = PBXBuildFile; fileRef = A6B79F3920803FE000660BBC /* CustomTextFieldView.swift */; };
		A6B79F3F20804C3100660BBC /* Globals.swift in Sources */ = {isa = PBXBuildFile; fileRef = A6B79F3E20804C3100660BBC /* Globals.swift */; };
		A6B79F4320804F3400660BBC /* SignInTextField.swift in Sources */ = {isa = PBXBuildFile; fileRef = A6B79F4220804F3400660BBC /* SignInTextField.swift */; };
		A6E911012081995800D84E32 /* GoogleService-Info.plist in Resources */ = {isa = PBXBuildFile; fileRef = A6E911002081995800D84E32 /* GoogleService-Info.plist */; };
		A6E911042081AE1B00D84E32 /* FirebaseAuthClient.swift in Sources */ = {isa = PBXBuildFile; fileRef = A6E911032081AE1B00D84E32 /* FirebaseAuthClient.swift */; };
		A6E911062081B8FA00D84E32 /* ErrorHandler.swift in Sources */ = {isa = PBXBuildFile; fileRef = A6E911052081B8FA00D84E32 /* ErrorHandler.swift */; };
		BDFC37962567AB701DF1513C /* Pods_Hero_GuestTests.framework in Frameworks */ = {isa = PBXBuildFile; fileRef = 0E414355ED1804AD6844B6A1 /* Pods_Hero_GuestTests.framework */; };
/* End PBXBuildFile section */

/* Begin PBXContainerItemProxy section */
		A6B79F1820803B9A00660BBC /* PBXContainerItemProxy */ = {
			isa = PBXContainerItemProxy;
			containerPortal = A6B79EFB20803B9500660BBC /* Project object */;
			proxyType = 1;
			remoteGlobalIDString = A6B79F0220803B9500660BBC;
			remoteInfo = "Hero Guest";
		};
		A6B79F2320803B9A00660BBC /* PBXContainerItemProxy */ = {
			isa = PBXContainerItemProxy;
			containerPortal = A6B79EFB20803B9500660BBC /* Project object */;
			proxyType = 1;
			remoteGlobalIDString = A6B79F0220803B9500660BBC;
			remoteInfo = "Hero Guest";
		};
/* End PBXContainerItemProxy section */

/* Begin PBXFileReference section */
		0142455FD36F62F2D10AD744 /* Pods-Hero GuestTests.debug.xcconfig */ = {isa = PBXFileReference; includeInIndex = 1; lastKnownFileType = text.xcconfig; name = "Pods-Hero GuestTests.debug.xcconfig"; path = "Pods/Target Support Files/Pods-Hero GuestTests/Pods-Hero GuestTests.debug.xcconfig"; sourceTree = "<group>"; };
		0E414355ED1804AD6844B6A1 /* Pods_Hero_GuestTests.framework */ = {isa = PBXFileReference; explicitFileType = wrapper.framework; includeInIndex = 0; path = Pods_Hero_GuestTests.framework; sourceTree = BUILT_PRODUCTS_DIR; };
		2F60845020C4E69E9B6793A9 /* Pods_Hero_GuestUITests.framework */ = {isa = PBXFileReference; explicitFileType = wrapper.framework; includeInIndex = 0; path = Pods_Hero_GuestUITests.framework; sourceTree = BUILT_PRODUCTS_DIR; };
		909CA2DC30E6A36C62177EF4 /* Pods-Hero GuestUITests.release.xcconfig */ = {isa = PBXFileReference; includeInIndex = 1; lastKnownFileType = text.xcconfig; name = "Pods-Hero GuestUITests.release.xcconfig"; path = "Pods/Target Support Files/Pods-Hero GuestUITests/Pods-Hero GuestUITests.release.xcconfig"; sourceTree = "<group>"; };
		928AB75EFF70002B4B38B1A3 /* Pods_Hero_Guest.framework */ = {isa = PBXFileReference; explicitFileType = wrapper.framework; includeInIndex = 0; path = Pods_Hero_Guest.framework; sourceTree = BUILT_PRODUCTS_DIR; };
		A612650C208108D00052D6B9 /* Home.storyboard */ = {isa = PBXFileReference; lastKnownFileType = file.storyboard; path = Home.storyboard; sourceTree = "<group>"; };
		A612650E208108FE0052D6B9 /* HomeController.swift */ = {isa = PBXFileReference; lastKnownFileType = sourcecode.swift; path = HomeController.swift; sourceTree = "<group>"; };
		A6B79F0320803B9500660BBC /* Hero Guest.app */ = {isa = PBXFileReference; explicitFileType = wrapper.application; includeInIndex = 0; path = "Hero Guest.app"; sourceTree = BUILT_PRODUCTS_DIR; };
		A6B79F0620803B9500660BBC /* AppDelegate.swift */ = {isa = PBXFileReference; lastKnownFileType = sourcecode.swift; path = AppDelegate.swift; sourceTree = "<group>"; };
		A6B79F0820803B9500660BBC /* SignInController.swift */ = {isa = PBXFileReference; lastKnownFileType = sourcecode.swift; path = SignInController.swift; sourceTree = "<group>"; };
		A6B79F0B20803B9500660BBC /* Base */ = {isa = PBXFileReference; lastKnownFileType = file.storyboard; name = Base; path = Base.lproj/Main.storyboard; sourceTree = "<group>"; };
		A6B79F0D20803B9900660BBC /* Assets.xcassets */ = {isa = PBXFileReference; lastKnownFileType = folder.assetcatalog; path = Assets.xcassets; sourceTree = "<group>"; };
		A6B79F1020803B9900660BBC /* Base */ = {isa = PBXFileReference; lastKnownFileType = file.storyboard; name = Base; path = Base.lproj/LaunchScreen.storyboard; sourceTree = "<group>"; };
		A6B79F1220803B9A00660BBC /* Info.plist */ = {isa = PBXFileReference; lastKnownFileType = text.plist.xml; path = Info.plist; sourceTree = "<group>"; };
		A6B79F1720803B9A00660BBC /* Hero GuestTests.xctest */ = {isa = PBXFileReference; explicitFileType = wrapper.cfbundle; includeInIndex = 0; path = "Hero GuestTests.xctest"; sourceTree = BUILT_PRODUCTS_DIR; };
		A6B79F1B20803B9A00660BBC /* Hero_GuestTests.swift */ = {isa = PBXFileReference; lastKnownFileType = sourcecode.swift; path = Hero_GuestTests.swift; sourceTree = "<group>"; };
		A6B79F1D20803B9A00660BBC /* Info.plist */ = {isa = PBXFileReference; lastKnownFileType = text.plist.xml; path = Info.plist; sourceTree = "<group>"; };
		A6B79F2220803B9A00660BBC /* Hero GuestUITests.xctest */ = {isa = PBXFileReference; explicitFileType = wrapper.cfbundle; includeInIndex = 0; path = "Hero GuestUITests.xctest"; sourceTree = BUILT_PRODUCTS_DIR; };
		A6B79F2620803B9A00660BBC /* Hero_GuestUITests.swift */ = {isa = PBXFileReference; lastKnownFileType = sourcecode.swift; path = Hero_GuestUITests.swift; sourceTree = "<group>"; };
		A6B79F2820803B9A00660BBC /* Info.plist */ = {isa = PBXFileReference; lastKnownFileType = text.plist.xml; path = Info.plist; sourceTree = "<group>"; };
		A6B79F3920803FE000660BBC /* CustomTextFieldView.swift */ = {isa = PBXFileReference; lastKnownFileType = sourcecode.swift; path = CustomTextFieldView.swift; sourceTree = "<group>"; };
		A6B79F3E20804C3100660BBC /* Globals.swift */ = {isa = PBXFileReference; lastKnownFileType = sourcecode.swift; path = Globals.swift; sourceTree = "<group>"; };
		A6B79F4220804F3400660BBC /* SignInTextField.swift */ = {isa = PBXFileReference; lastKnownFileType = sourcecode.swift; path = SignInTextField.swift; sourceTree = "<group>"; };
		A6E911002081995800D84E32 /* GoogleService-Info.plist */ = {isa = PBXFileReference; fileEncoding = 4; lastKnownFileType = text.plist.xml; name = "GoogleService-Info.plist"; path = "../../recursos/GoogleService-Info.plist"; sourceTree = "<group>"; };
		A6E911032081AE1B00D84E32 /* FirebaseAuthClient.swift */ = {isa = PBXFileReference; lastKnownFileType = sourcecode.swift; path = FirebaseAuthClient.swift; sourceTree = "<group>"; };
		A6E911052081B8FA00D84E32 /* ErrorHandler.swift */ = {isa = PBXFileReference; lastKnownFileType = sourcecode.swift; path = ErrorHandler.swift; sourceTree = "<group>"; };
		AF8C3CE80C6B0E5F9DBCE91F /* Pods-Hero Guest.release.xcconfig */ = {isa = PBXFileReference; includeInIndex = 1; lastKnownFileType = text.xcconfig; name = "Pods-Hero Guest.release.xcconfig"; path = "Pods/Target Support Files/Pods-Hero Guest/Pods-Hero Guest.release.xcconfig"; sourceTree = "<group>"; };
		CF7F6BEE9C9ECA82E02F54CF /* Pods-Hero GuestUITests.debug.xcconfig */ = {isa = PBXFileReference; includeInIndex = 1; lastKnownFileType = text.xcconfig; name = "Pods-Hero GuestUITests.debug.xcconfig"; path = "Pods/Target Support Files/Pods-Hero GuestUITests/Pods-Hero GuestUITests.debug.xcconfig"; sourceTree = "<group>"; };
		E6B9B095379A14AC95928B59 /* Pods-Hero GuestTests.release.xcconfig */ = {isa = PBXFileReference; includeInIndex = 1; lastKnownFileType = text.xcconfig; name = "Pods-Hero GuestTests.release.xcconfig"; path = "Pods/Target Support Files/Pods-Hero GuestTests/Pods-Hero GuestTests.release.xcconfig"; sourceTree = "<group>"; };
		F4B5219644CDD18FA9CD45CE /* Pods-Hero Guest.debug.xcconfig */ = {isa = PBXFileReference; includeInIndex = 1; lastKnownFileType = text.xcconfig; name = "Pods-Hero Guest.debug.xcconfig"; path = "Pods/Target Support Files/Pods-Hero Guest/Pods-Hero Guest.debug.xcconfig"; sourceTree = "<group>"; };
/* End PBXFileReference section */

/* Begin PBXFrameworksBuildPhase section */
		A6B79F0020803B9500660BBC /* Frameworks */ = {
			isa = PBXFrameworksBuildPhase;
			buildActionMask = 2147483647;
			files = (
				1AE9FC727076766E149E6450 /* Pods_Hero_Guest.framework in Frameworks */,
			);
			runOnlyForDeploymentPostprocessing = 0;
		};
		A6B79F1420803B9A00660BBC /* Frameworks */ = {
			isa = PBXFrameworksBuildPhase;
			buildActionMask = 2147483647;
			files = (
				BDFC37962567AB701DF1513C /* Pods_Hero_GuestTests.framework in Frameworks */,
			);
			runOnlyForDeploymentPostprocessing = 0;
		};
		A6B79F1F20803B9A00660BBC /* Frameworks */ = {
			isa = PBXFrameworksBuildPhase;
			buildActionMask = 2147483647;
			files = (
				37CE98CDC4FCDF02942EB1B0 /* Pods_Hero_GuestUITests.framework in Frameworks */,
			);
			runOnlyForDeploymentPostprocessing = 0;
		};
/* End PBXFrameworksBuildPhase section */

/* Begin PBXGroup section */
		021C6958479BF23A536BA27C /* Pods */ = {
			isa = PBXGroup;
			children = (
				F4B5219644CDD18FA9CD45CE /* Pods-Hero Guest.debug.xcconfig */,
				AF8C3CE80C6B0E5F9DBCE91F /* Pods-Hero Guest.release.xcconfig */,
				0142455FD36F62F2D10AD744 /* Pods-Hero GuestTests.debug.xcconfig */,
				E6B9B095379A14AC95928B59 /* Pods-Hero GuestTests.release.xcconfig */,
				CF7F6BEE9C9ECA82E02F54CF /* Pods-Hero GuestUITests.debug.xcconfig */,
				909CA2DC30E6A36C62177EF4 /* Pods-Hero GuestUITests.release.xcconfig */,
			);
			name = Pods;
			sourceTree = "<group>";
		};
		206BC45036E43814EFEDB435 /* Frameworks */ = {
			isa = PBXGroup;
			children = (
				928AB75EFF70002B4B38B1A3 /* Pods_Hero_Guest.framework */,
				0E414355ED1804AD6844B6A1 /* Pods_Hero_GuestTests.framework */,
				2F60845020C4E69E9B6793A9 /* Pods_Hero_GuestUITests.framework */,
			);
			name = Frameworks;
			sourceTree = "<group>";
		};
		A6B79EFA20803B9500660BBC = {
			isa = PBXGroup;
			children = (
				A6B79F0520803B9500660BBC /* Hero Guest */,
				A6B79F1A20803B9A00660BBC /* Hero GuestTests */,
				A6B79F2520803B9A00660BBC /* Hero GuestUITests */,
				A6B79F0420803B9500660BBC /* Products */,
				021C6958479BF23A536BA27C /* Pods */,
				206BC45036E43814EFEDB435 /* Frameworks */,
			);
			sourceTree = "<group>";
		};
		A6B79F0420803B9500660BBC /* Products */ = {
			isa = PBXGroup;
			children = (
				A6B79F0320803B9500660BBC /* Hero Guest.app */,
				A6B79F1720803B9A00660BBC /* Hero GuestTests.xctest */,
				A6B79F2220803B9A00660BBC /* Hero GuestUITests.xctest */,
			);
			name = Products;
			sourceTree = "<group>";
		};
		A6B79F0520803B9500660BBC /* Hero Guest */ = {
			isa = PBXGroup;
			children = (
				A6E911022081ADE500D84E32 /* Networking */,
				A6B79F3D20804C2300660BBC /* Helper */,
				A6B79F3420803BD500660BBC /* Model */,
				A6B79F3520803BD900660BBC /* View */,
				A6B79F3620803BDE00660BBC /* Controller */,
				A6B79F0620803B9500660BBC /* AppDelegate.swift */,
				A6B79F0A20803B9500660BBC /* Main.storyboard */,
				A612650C208108D00052D6B9 /* Home.storyboard */,
				A6B79F0D20803B9900660BBC /* Assets.xcassets */,
				A6B79F0F20803B9900660BBC /* LaunchScreen.storyboard */,
				A6B79F1220803B9A00660BBC /* Info.plist */,
				A6E911002081995800D84E32 /* GoogleService-Info.plist */,
			);
			path = "Hero Guest";
			sourceTree = "<group>";
		};
		A6B79F1A20803B9A00660BBC /* Hero GuestTests */ = {
			isa = PBXGroup;
			children = (
				A6B79F1B20803B9A00660BBC /* Hero_GuestTests.swift */,
				A6B79F1D20803B9A00660BBC /* Info.plist */,
			);
			path = "Hero GuestTests";
			sourceTree = "<group>";
		};
		A6B79F2520803B9A00660BBC /* Hero GuestUITests */ = {
			isa = PBXGroup;
			children = (
				A6B79F2620803B9A00660BBC /* Hero_GuestUITests.swift */,
				A6B79F2820803B9A00660BBC /* Info.plist */,
			);
			path = "Hero GuestUITests";
			sourceTree = "<group>";
		};
		A6B79F3420803BD500660BBC /* Model */ = {
			isa = PBXGroup;
			children = (
			);
			path = Model;
			sourceTree = "<group>";
		};
		A6B79F3520803BD900660BBC /* View */ = {
			isa = PBXGroup;
			children = (
				A6B79F3920803FE000660BBC /* CustomTextFieldView.swift */,
				A6B79F4220804F3400660BBC /* SignInTextField.swift */,
			);
			path = View;
			sourceTree = "<group>";
		};
		A6B79F3620803BDE00660BBC /* Controller */ = {
			isa = PBXGroup;
			children = (
				A6B79F0820803B9500660BBC /* SignInController.swift */,
				A612650E208108FE0052D6B9 /* HomeController.swift */,
			);
			path = Controller;
			sourceTree = "<group>";
		};
		A6B79F3D20804C2300660BBC /* Helper */ = {
			isa = PBXGroup;
			children = (
				A6B79F3E20804C3100660BBC /* Globals.swift */,
				A6E911052081B8FA00D84E32 /* ErrorHandler.swift */,
			);
			path = Helper;
			sourceTree = "<group>";
		};
		A6E911022081ADE500D84E32 /* Networking */ = {
			isa = PBXGroup;
			children = (
				A6E911032081AE1B00D84E32 /* FirebaseAuthClient.swift */,
			);
			path = Networking;
			sourceTree = "<group>";
		};
/* End PBXGroup section */

/* Begin PBXNativeTarget section */
		A6B79F0220803B9500660BBC /* Hero Guest */ = {
			isa = PBXNativeTarget;
			buildConfigurationList = A6B79F2B20803B9A00660BBC /* Build configuration list for PBXNativeTarget "Hero Guest" */;
			buildPhases = (
				7ACF28D80E35A8A79BB9A4C8 /* [CP] Check Pods Manifest.lock */,
				A6B79EFF20803B9500660BBC /* Sources */,
				A6B79F0020803B9500660BBC /* Frameworks */,
				A6B79F0120803B9500660BBC /* Resources */,
				7091FDFCB5E1E61290A8585F /* [CP] Embed Pods Frameworks */,
			);
			buildRules = (
			);
			dependencies = (
			);
			name = "Hero Guest";
			productName = "Hero Guest";
			productReference = A6B79F0320803B9500660BBC /* Hero Guest.app */;
			productType = "com.apple.product-type.application";
		};
		A6B79F1620803B9A00660BBC /* Hero GuestTests */ = {
			isa = PBXNativeTarget;
			buildConfigurationList = A6B79F2E20803B9A00660BBC /* Build configuration list for PBXNativeTarget "Hero GuestTests" */;
			buildPhases = (
				238577A5B5906DEF43D23645 /* [CP] Check Pods Manifest.lock */,
				A6B79F1320803B9A00660BBC /* Sources */,
				A6B79F1420803B9A00660BBC /* Frameworks */,
				A6B79F1520803B9A00660BBC /* Resources */,
			);
			buildRules = (
			);
			dependencies = (
				A6B79F1920803B9A00660BBC /* PBXTargetDependency */,
			);
			name = "Hero GuestTests";
			productName = "Hero GuestTests";
			productReference = A6B79F1720803B9A00660BBC /* Hero GuestTests.xctest */;
			productType = "com.apple.product-type.bundle.unit-test";
		};
		A6B79F2120803B9A00660BBC /* Hero GuestUITests */ = {
			isa = PBXNativeTarget;
			buildConfigurationList = A6B79F3120803B9A00660BBC /* Build configuration list for PBXNativeTarget "Hero GuestUITests" */;
			buildPhases = (
				509FC4A4C8A33BF4657C15BA /* [CP] Check Pods Manifest.lock */,
				A6B79F1E20803B9A00660BBC /* Sources */,
				A6B79F1F20803B9A00660BBC /* Frameworks */,
				A6B79F2020803B9A00660BBC /* Resources */,
			);
			buildRules = (
			);
			dependencies = (
				A6B79F2420803B9A00660BBC /* PBXTargetDependency */,
			);
			name = "Hero GuestUITests";
			productName = "Hero GuestUITests";
			productReference = A6B79F2220803B9A00660BBC /* Hero GuestUITests.xctest */;
			productType = "com.apple.product-type.bundle.ui-testing";
		};
/* End PBXNativeTarget section */

/* Begin PBXProject section */
		A6B79EFB20803B9500660BBC /* Project object */ = {
			isa = PBXProject;
			attributes = {
				LastSwiftUpdateCheck = 0930;
				LastUpgradeCheck = 0930;
				ORGANIZATIONNAME = "Iván Martínez";
				TargetAttributes = {
					A6B79F0220803B9500660BBC = {
						CreatedOnToolsVersion = 9.3;
					};
					A6B79F1620803B9A00660BBC = {
						CreatedOnToolsVersion = 9.3;
						TestTargetID = A6B79F0220803B9500660BBC;
					};
					A6B79F2120803B9A00660BBC = {
						CreatedOnToolsVersion = 9.3;
						TestTargetID = A6B79F0220803B9500660BBC;
					};
				};
			};
			buildConfigurationList = A6B79EFE20803B9500660BBC /* Build configuration list for PBXProject "Hero Guest" */;
			compatibilityVersion = "Xcode 9.3";
			developmentRegion = en;
			hasScannedForEncodings = 0;
			knownRegions = (
				en,
				Base,
			);
			mainGroup = A6B79EFA20803B9500660BBC;
			productRefGroup = A6B79F0420803B9500660BBC /* Products */;
			projectDirPath = "";
			projectRoot = "";
			targets = (
				A6B79F0220803B9500660BBC /* Hero Guest */,
				A6B79F1620803B9A00660BBC /* Hero GuestTests */,
				A6B79F2120803B9A00660BBC /* Hero GuestUITests */,
			);
		};
/* End PBXProject section */

/* Begin PBXResourcesBuildPhase section */
		A6B79F0120803B9500660BBC /* Resources */ = {
			isa = PBXResourcesBuildPhase;
			buildActionMask = 2147483647;
			files = (
				A6B79F1120803B9900660BBC /* LaunchScreen.storyboard in Resources */,
				A6B79F0E20803B9900660BBC /* Assets.xcassets in Resources */,
				A6E911012081995800D84E32 /* GoogleService-Info.plist in Resources */,
				A6B79F0C20803B9500660BBC /* Main.storyboard in Resources */,
				A612650D208108D00052D6B9 /* Home.storyboard in Resources */,
			);
			runOnlyForDeploymentPostprocessing = 0;
		};
		A6B79F1520803B9A00660BBC /* Resources */ = {
			isa = PBXResourcesBuildPhase;
			buildActionMask = 2147483647;
			files = (
			);
			runOnlyForDeploymentPostprocessing = 0;
		};
		A6B79F2020803B9A00660BBC /* Resources */ = {
			isa = PBXResourcesBuildPhase;
			buildActionMask = 2147483647;
			files = (
			);
			runOnlyForDeploymentPostprocessing = 0;
		};
/* End PBXResourcesBuildPhase section */

/* Begin PBXShellScriptBuildPhase section */
		238577A5B5906DEF43D23645 /* [CP] Check Pods Manifest.lock */ = {
			isa = PBXShellScriptBuildPhase;
			buildActionMask = 2147483647;
			files = (
			);
			inputPaths = (
				"${PODS_PODFILE_DIR_PATH}/Podfile.lock",
				"${PODS_ROOT}/Manifest.lock",
			);
			name = "[CP] Check Pods Manifest.lock";
			outputPaths = (
				"$(DERIVED_FILE_DIR)/Pods-Hero GuestTests-checkManifestLockResult.txt",
			);
			runOnlyForDeploymentPostprocessing = 0;
			shellPath = /bin/sh;
			shellScript = "diff \"${PODS_PODFILE_DIR_PATH}/Podfile.lock\" \"${PODS_ROOT}/Manifest.lock\" > /dev/null\nif [ $? != 0 ] ; then\n    # print error to STDERR\n    echo \"error: The sandbox is not in sync with the Podfile.lock. Run 'pod install' or update your CocoaPods installation.\" >&2\n    exit 1\nfi\n# This output is used by Xcode 'outputs' to avoid re-running this script phase.\necho \"SUCCESS\" > \"${SCRIPT_OUTPUT_FILE_0}\"\n";
			showEnvVarsInLog = 0;
		};
		509FC4A4C8A33BF4657C15BA /* [CP] Check Pods Manifest.lock */ = {
			isa = PBXShellScriptBuildPhase;
			buildActionMask = 2147483647;
			files = (
			);
			inputPaths = (
				"${PODS_PODFILE_DIR_PATH}/Podfile.lock",
				"${PODS_ROOT}/Manifest.lock",
			);
			name = "[CP] Check Pods Manifest.lock";
			outputPaths = (
				"$(DERIVED_FILE_DIR)/Pods-Hero GuestUITests-checkManifestLockResult.txt",
			);
			runOnlyForDeploymentPostprocessing = 0;
			shellPath = /bin/sh;
			shellScript = "diff \"${PODS_PODFILE_DIR_PATH}/Podfile.lock\" \"${PODS_ROOT}/Manifest.lock\" > /dev/null\nif [ $? != 0 ] ; then\n    # print error to STDERR\n    echo \"error: The sandbox is not in sync with the Podfile.lock. Run 'pod install' or update your CocoaPods installation.\" >&2\n    exit 1\nfi\n# This output is used by Xcode 'outputs' to avoid re-running this script phase.\necho \"SUCCESS\" > \"${SCRIPT_OUTPUT_FILE_0}\"\n";
			showEnvVarsInLog = 0;
		};
		7091FDFCB5E1E61290A8585F /* [CP] Embed Pods Frameworks */ = {
			isa = PBXShellScriptBuildPhase;
			buildActionMask = 2147483647;
			files = (
			);
			inputPaths = (
				"${SRCROOT}/Pods/Target Support Files/Pods-Hero Guest/Pods-Hero Guest-frameworks.sh",
				"${BUILT_PRODUCTS_DIR}/GTMSessionFetcher/GTMSessionFetcher.framework",
				"${BUILT_PRODUCTS_DIR}/GoogleToolboxForMac/GoogleToolboxForMac.framework",
				"${BUILT_PRODUCTS_DIR}/leveldb-library/leveldb.framework",
				"${BUILT_PRODUCTS_DIR}/nanopb/nanopb.framework",
			);
			name = "[CP] Embed Pods Frameworks";
			outputPaths = (
				"${TARGET_BUILD_DIR}/${FRAMEWORKS_FOLDER_PATH}/GTMSessionFetcher.framework",
				"${TARGET_BUILD_DIR}/${FRAMEWORKS_FOLDER_PATH}/GoogleToolboxForMac.framework",
				"${TARGET_BUILD_DIR}/${FRAMEWORKS_FOLDER_PATH}/leveldb.framework",
				"${TARGET_BUILD_DIR}/${FRAMEWORKS_FOLDER_PATH}/nanopb.framework",
			);
			runOnlyForDeploymentPostprocessing = 0;
			shellPath = /bin/sh;
			shellScript = "\"${SRCROOT}/Pods/Target Support Files/Pods-Hero Guest/Pods-Hero Guest-frameworks.sh\"\n";
			showEnvVarsInLog = 0;
		};
		7ACF28D80E35A8A79BB9A4C8 /* [CP] Check Pods Manifest.lock */ = {
			isa = PBXShellScriptBuildPhase;
			buildActionMask = 2147483647;
			files = (
			);
			inputPaths = (
				"${PODS_PODFILE_DIR_PATH}/Podfile.lock",
				"${PODS_ROOT}/Manifest.lock",
			);
			name = "[CP] Check Pods Manifest.lock";
			outputPaths = (
				"$(DERIVED_FILE_DIR)/Pods-Hero Guest-checkManifestLockResult.txt",
			);
			runOnlyForDeploymentPostprocessing = 0;
			shellPath = /bin/sh;
			shellScript = "diff \"${PODS_PODFILE_DIR_PATH}/Podfile.lock\" \"${PODS_ROOT}/Manifest.lock\" > /dev/null\nif [ $? != 0 ] ; then\n    # print error to STDERR\n    echo \"error: The sandbox is not in sync with the Podfile.lock. Run 'pod install' or update your CocoaPods installation.\" >&2\n    exit 1\nfi\n# This output is used by Xcode 'outputs' to avoid re-running this script phase.\necho \"SUCCESS\" > \"${SCRIPT_OUTPUT_FILE_0}\"\n";
			showEnvVarsInLog = 0;
		};
/* End PBXShellScriptBuildPhase section */

/* Begin PBXSourcesBuildPhase section */
		A6B79EFF20803B9500660BBC /* Sources */ = {
			isa = PBXSourcesBuildPhase;
			buildActionMask = 2147483647;
			files = (
				A6B79F3F20804C3100660BBC /* Globals.swift in Sources */,
				A6B79F0920803B9500660BBC /* SignInController.swift in Sources */,
				A612650F208108FE0052D6B9 /* HomeController.swift in Sources */,
				A6B79F0720803B9500660BBC /* AppDelegate.swift in Sources */,
				A6B79F4320804F3400660BBC /* SignInTextField.swift in Sources */,
				A6E911062081B8FA00D84E32 /* ErrorHandler.swift in Sources */,
				A6B79F3A20803FE000660BBC /* CustomTextFieldView.swift in Sources */,
				A6E911042081AE1B00D84E32 /* FirebaseAuthClient.swift in Sources */,
			);
			runOnlyForDeploymentPostprocessing = 0;
		};
		A6B79F1320803B9A00660BBC /* Sources */ = {
			isa = PBXSourcesBuildPhase;
			buildActionMask = 2147483647;
			files = (
				A6B79F1C20803B9A00660BBC /* Hero_GuestTests.swift in Sources */,
			);
			runOnlyForDeploymentPostprocessing = 0;
		};
		A6B79F1E20803B9A00660BBC /* Sources */ = {
			isa = PBXSourcesBuildPhase;
			buildActionMask = 2147483647;
			files = (
				A6B79F2720803B9A00660BBC /* Hero_GuestUITests.swift in Sources */,
			);
			runOnlyForDeploymentPostprocessing = 0;
		};
/* End PBXSourcesBuildPhase section */

/* Begin PBXTargetDependency section */
		A6B79F1920803B9A00660BBC /* PBXTargetDependency */ = {
			isa = PBXTargetDependency;
			target = A6B79F0220803B9500660BBC /* Hero Guest */;
			targetProxy = A6B79F1820803B9A00660BBC /* PBXContainerItemProxy */;
		};
		A6B79F2420803B9A00660BBC /* PBXTargetDependency */ = {
			isa = PBXTargetDependency;
			target = A6B79F0220803B9500660BBC /* Hero Guest */;
			targetProxy = A6B79F2320803B9A00660BBC /* PBXContainerItemProxy */;
		};
/* End PBXTargetDependency section */

/* Begin PBXVariantGroup section */
		A6B79F0A20803B9500660BBC /* Main.storyboard */ = {
			isa = PBXVariantGroup;
			children = (
				A6B79F0B20803B9500660BBC /* Base */,
			);
			name = Main.storyboard;
			sourceTree = "<group>";
		};
		A6B79F0F20803B9900660BBC /* LaunchScreen.storyboard */ = {
			isa = PBXVariantGroup;
			children = (
				A6B79F1020803B9900660BBC /* Base */,
			);
			name = LaunchScreen.storyboard;
			sourceTree = "<group>";
		};
/* End PBXVariantGroup section */

/* Begin XCBuildConfiguration section */
		A6B79F2920803B9A00660BBC /* Debug */ = {
			isa = XCBuildConfiguration;
			buildSettings = {
				ALWAYS_SEARCH_USER_PATHS = NO;
				CLANG_ANALYZER_NONNULL = YES;
				CLANG_ANALYZER_NUMBER_OBJECT_CONVERSION = YES_AGGRESSIVE;
				CLANG_CXX_LANGUAGE_STANDARD = "gnu++14";
				CLANG_CXX_LIBRARY = "libc++";
				CLANG_ENABLE_MODULES = YES;
				CLANG_ENABLE_OBJC_ARC = YES;
				CLANG_ENABLE_OBJC_WEAK = YES;
				CLANG_WARN_BLOCK_CAPTURE_AUTORELEASING = YES;
				CLANG_WARN_BOOL_CONVERSION = YES;
				CLANG_WARN_COMMA = YES;
				CLANG_WARN_CONSTANT_CONVERSION = YES;
				CLANG_WARN_DEPRECATED_OBJC_IMPLEMENTATIONS = YES;
				CLANG_WARN_DIRECT_OBJC_ISA_USAGE = YES_ERROR;
				CLANG_WARN_DOCUMENTATION_COMMENTS = YES;
				CLANG_WARN_EMPTY_BODY = YES;
				CLANG_WARN_ENUM_CONVERSION = YES;
				CLANG_WARN_INFINITE_RECURSION = YES;
				CLANG_WARN_INT_CONVERSION = YES;
				CLANG_WARN_NON_LITERAL_NULL_CONVERSION = YES;
				CLANG_WARN_OBJC_IMPLICIT_RETAIN_SELF = YES;
				CLANG_WARN_OBJC_LITERAL_CONVERSION = YES;
				CLANG_WARN_OBJC_ROOT_CLASS = YES_ERROR;
				CLANG_WARN_RANGE_LOOP_ANALYSIS = YES;
				CLANG_WARN_STRICT_PROTOTYPES = YES;
				CLANG_WARN_SUSPICIOUS_MOVE = YES;
				CLANG_WARN_UNGUARDED_AVAILABILITY = YES_AGGRESSIVE;
				CLANG_WARN_UNREACHABLE_CODE = YES;
				CLANG_WARN__DUPLICATE_METHOD_MATCH = YES;
				CODE_SIGN_IDENTITY = "iPhone Developer";
				COPY_PHASE_STRIP = NO;
				DEBUG_INFORMATION_FORMAT = dwarf;
				ENABLE_STRICT_OBJC_MSGSEND = YES;
				ENABLE_TESTABILITY = YES;
				GCC_C_LANGUAGE_STANDARD = gnu11;
				GCC_DYNAMIC_NO_PIC = NO;
				GCC_NO_COMMON_BLOCKS = YES;
				GCC_OPTIMIZATION_LEVEL = 0;
				GCC_PREPROCESSOR_DEFINITIONS = (
					"DEBUG=1",
					"$(inherited)",
				);
				GCC_WARN_64_TO_32_BIT_CONVERSION = YES;
				GCC_WARN_ABOUT_RETURN_TYPE = YES_ERROR;
				GCC_WARN_UNDECLARED_SELECTOR = YES;
				GCC_WARN_UNINITIALIZED_AUTOS = YES_AGGRESSIVE;
				GCC_WARN_UNUSED_FUNCTION = YES;
				GCC_WARN_UNUSED_VARIABLE = YES;
				IPHONEOS_DEPLOYMENT_TARGET = 11.3;
				MTL_ENABLE_DEBUG_INFO = YES;
				ONLY_ACTIVE_ARCH = YES;
				SDKROOT = iphoneos;
				SWIFT_ACTIVE_COMPILATION_CONDITIONS = DEBUG;
				SWIFT_OPTIMIZATION_LEVEL = "-Onone";
			};
			name = Debug;
		};
		A6B79F2A20803B9A00660BBC /* Release */ = {
			isa = XCBuildConfiguration;
			buildSettings = {
				ALWAYS_SEARCH_USER_PATHS = NO;
				CLANG_ANALYZER_NONNULL = YES;
				CLANG_ANALYZER_NUMBER_OBJECT_CONVERSION = YES_AGGRESSIVE;
				CLANG_CXX_LANGUAGE_STANDARD = "gnu++14";
				CLANG_CXX_LIBRARY = "libc++";
				CLANG_ENABLE_MODULES = YES;
				CLANG_ENABLE_OBJC_ARC = YES;
				CLANG_ENABLE_OBJC_WEAK = YES;
				CLANG_WARN_BLOCK_CAPTURE_AUTORELEASING = YES;
				CLANG_WARN_BOOL_CONVERSION = YES;
				CLANG_WARN_COMMA = YES;
				CLANG_WARN_CONSTANT_CONVERSION = YES;
				CLANG_WARN_DEPRECATED_OBJC_IMPLEMENTATIONS = YES;
				CLANG_WARN_DIRECT_OBJC_ISA_USAGE = YES_ERROR;
				CLANG_WARN_DOCUMENTATION_COMMENTS = YES;
				CLANG_WARN_EMPTY_BODY = YES;
				CLANG_WARN_ENUM_CONVERSION = YES;
				CLANG_WARN_INFINITE_RECURSION = YES;
				CLANG_WARN_INT_CONVERSION = YES;
				CLANG_WARN_NON_LITERAL_NULL_CONVERSION = YES;
				CLANG_WARN_OBJC_IMPLICIT_RETAIN_SELF = YES;
				CLANG_WARN_OBJC_LITERAL_CONVERSION = YES;
				CLANG_WARN_OBJC_ROOT_CLASS = YES_ERROR;
				CLANG_WARN_RANGE_LOOP_ANALYSIS = YES;
				CLANG_WARN_STRICT_PROTOTYPES = YES;
				CLANG_WARN_SUSPICIOUS_MOVE = YES;
				CLANG_WARN_UNGUARDED_AVAILABILITY = YES_AGGRESSIVE;
				CLANG_WARN_UNREACHABLE_CODE = YES;
				CLANG_WARN__DUPLICATE_METHOD_MATCH = YES;
				CODE_SIGN_IDENTITY = "iPhone Developer";
				COPY_PHASE_STRIP = NO;
				DEBUG_INFORMATION_FORMAT = "dwarf-with-dsym";
				ENABLE_NS_ASSERTIONS = NO;
				ENABLE_STRICT_OBJC_MSGSEND = YES;
				GCC_C_LANGUAGE_STANDARD = gnu11;
				GCC_NO_COMMON_BLOCKS = YES;
				GCC_WARN_64_TO_32_BIT_CONVERSION = YES;
				GCC_WARN_ABOUT_RETURN_TYPE = YES_ERROR;
				GCC_WARN_UNDECLARED_SELECTOR = YES;
				GCC_WARN_UNINITIALIZED_AUTOS = YES_AGGRESSIVE;
				GCC_WARN_UNUSED_FUNCTION = YES;
				GCC_WARN_UNUSED_VARIABLE = YES;
				IPHONEOS_DEPLOYMENT_TARGET = 11.3;
				MTL_ENABLE_DEBUG_INFO = NO;
				SDKROOT = iphoneos;
				SWIFT_COMPILATION_MODE = wholemodule;
				SWIFT_OPTIMIZATION_LEVEL = "-O";
				VALIDATE_PRODUCT = YES;
			};
			name = Release;
		};
		A6B79F2C20803B9A00660BBC /* Debug */ = {
			isa = XCBuildConfiguration;
			baseConfigurationReference = F4B5219644CDD18FA9CD45CE /* Pods-Hero Guest.debug.xcconfig */;
			buildSettings = {
				ASSETCATALOG_COMPILER_APPICON_NAME = AppIcon;
				CODE_SIGN_STYLE = Automatic;
				DEVELOPMENT_TEAM = W288ESV4DF;
				INFOPLIST_FILE = "Hero Guest/Info.plist";
				IPHONEOS_DEPLOYMENT_TARGET = 11.0;
				LD_RUNPATH_SEARCH_PATHS = "$(inherited) @executable_path/Frameworks";
				PRODUCT_BUNDLE_IDENTIFIER = "io.aulab.Hero-Guest";
				PRODUCT_NAME = "$(TARGET_NAME)";
				SWIFT_VERSION = 4.0;
				TARGETED_DEVICE_FAMILY = "1,2";
			};
			name = Debug;
		};
		A6B79F2D20803B9A00660BBC /* Release */ = {
			isa = XCBuildConfiguration;
			baseConfigurationReference = AF8C3CE80C6B0E5F9DBCE91F /* Pods-Hero Guest.release.xcconfig */;
			buildSettings = {
				ASSETCATALOG_COMPILER_APPICON_NAME = AppIcon;
				CODE_SIGN_STYLE = Automatic;
				DEVELOPMENT_TEAM = W288ESV4DF;
				INFOPLIST_FILE = "Hero Guest/Info.plist";
				IPHONEOS_DEPLOYMENT_TARGET = 11.0;
				LD_RUNPATH_SEARCH_PATHS = "$(inherited) @executable_path/Frameworks";
				PRODUCT_BUNDLE_IDENTIFIER = "io.aulab.Hero-Guest";
				PRODUCT_NAME = "$(TARGET_NAME)";
				SWIFT_VERSION = 4.0;
				TARGETED_DEVICE_FAMILY = "1,2";
			};
			name = Release;
		};
		A6B79F2F20803B9A00660BBC /* Debug */ = {
			isa = XCBuildConfiguration;
			baseConfigurationReference = 0142455FD36F62F2D10AD744 /* Pods-Hero GuestTests.debug.xcconfig */;
			buildSettings = {
				ALWAYS_EMBED_SWIFT_STANDARD_LIBRARIES = YES;
				BUNDLE_LOADER = "$(TEST_HOST)";
				CODE_SIGN_STYLE = Automatic;
				DEVELOPMENT_TEAM = W288ESV4DF;
				INFOPLIST_FILE = "Hero GuestTests/Info.plist";
				LD_RUNPATH_SEARCH_PATHS = "$(inherited) @executable_path/Frameworks @loader_path/Frameworks";
				PRODUCT_BUNDLE_IDENTIFIER = "io.aulab.Hero-GuestTests";
				PRODUCT_NAME = "$(TARGET_NAME)";
				SWIFT_VERSION = 4.0;
				TARGETED_DEVICE_FAMILY = "1,2";
				TEST_HOST = "$(BUILT_PRODUCTS_DIR)/Hero Guest.app/Hero Guest";
			};
			name = Debug;
		};
		A6B79F3020803B9A00660BBC /* Release */ = {
			isa = XCBuildConfiguration;
			baseConfigurationReference = E6B9B095379A14AC95928B59 /* Pods-Hero GuestTests.release.xcconfig */;
			buildSettings = {
				ALWAYS_EMBED_SWIFT_STANDARD_LIBRARIES = YES;
				BUNDLE_LOADER = "$(TEST_HOST)";
				CODE_SIGN_STYLE = Automatic;
				DEVELOPMENT_TEAM = W288ESV4DF;
				INFOPLIST_FILE = "Hero GuestTests/Info.plist";
				LD_RUNPATH_SEARCH_PATHS = "$(inherited) @executable_path/Frameworks @loader_path/Frameworks";
				PRODUCT_BUNDLE_IDENTIFIER = "io.aulab.Hero-GuestTests";
				PRODUCT_NAME = "$(TARGET_NAME)";
				SWIFT_VERSION = 4.0;
				TARGETED_DEVICE_FAMILY = "1,2";
				TEST_HOST = "$(BUILT_PRODUCTS_DIR)/Hero Guest.app/Hero Guest";
			};
			name = Release;
		};
		A6B79F3220803B9A00660BBC /* Debug */ = {
			isa = XCBuildConfiguration;
			baseConfigurationReference = CF7F6BEE9C9ECA82E02F54CF /* Pods-Hero GuestUITests.debug.xcconfig */;
			buildSettings = {
				ALWAYS_EMBED_SWIFT_STANDARD_LIBRARIES = YES;
				CODE_SIGN_STYLE = Automatic;
				DEVELOPMENT_TEAM = W288ESV4DF;
				INFOPLIST_FILE = "Hero GuestUITests/Info.plist";
				LD_RUNPATH_SEARCH_PATHS = "$(inherited) @executable_path/Frameworks @loader_path/Frameworks";
				PRODUCT_BUNDLE_IDENTIFIER = "io.aulab.Hero-GuestUITests";
				PRODUCT_NAME = "$(TARGET_NAME)";
				SWIFT_VERSION = 4.0;
				TARGETED_DEVICE_FAMILY = "1,2";
				TEST_TARGET_NAME = "Hero Guest";
			};
			name = Debug;
		};
		A6B79F3320803B9A00660BBC /* Release */ = {
			isa = XCBuildConfiguration;
			baseConfigurationReference = 909CA2DC30E6A36C62177EF4 /* Pods-Hero GuestUITests.release.xcconfig */;
			buildSettings = {
				ALWAYS_EMBED_SWIFT_STANDARD_LIBRARIES = YES;
				CODE_SIGN_STYLE = Automatic;
				DEVELOPMENT_TEAM = W288ESV4DF;
				INFOPLIST_FILE = "Hero GuestUITests/Info.plist";
				LD_RUNPATH_SEARCH_PATHS = "$(inherited) @executable_path/Frameworks @loader_path/Frameworks";
				PRODUCT_BUNDLE_IDENTIFIER = "io.aulab.Hero-GuestUITests";
				PRODUCT_NAME = "$(TARGET_NAME)";
				SWIFT_VERSION = 4.0;
				TARGETED_DEVICE_FAMILY = "1,2";
				TEST_TARGET_NAME = "Hero Guest";
			};
			name = Release;
		};
/* End XCBuildConfiguration section */

/* Begin XCConfigurationList section */
		A6B79EFE20803B9500660BBC /* Build configuration list for PBXProject "Hero Guest" */ = {
			isa = XCConfigurationList;
			buildConfigurations = (
				A6B79F2920803B9A00660BBC /* Debug */,
				A6B79F2A20803B9A00660BBC /* Release */,
			);
			defaultConfigurationIsVisible = 0;
			defaultConfigurationName = Release;
		};
		A6B79F2B20803B9A00660BBC /* Build configuration list for PBXNativeTarget "Hero Guest" */ = {
			isa = XCConfigurationList;
			buildConfigurations = (
				A6B79F2C20803B9A00660BBC /* Debug */,
				A6B79F2D20803B9A00660BBC /* Release */,
			);
			defaultConfigurationIsVisible = 0;
			defaultConfigurationName = Release;
		};
		A6B79F2E20803B9A00660BBC /* Build configuration list for PBXNativeTarget "Hero GuestTests" */ = {
			isa = XCConfigurationList;
			buildConfigurations = (
				A6B79F2F20803B9A00660BBC /* Debug */,
				A6B79F3020803B9A00660BBC /* Release */,
			);
			defaultConfigurationIsVisible = 0;
			defaultConfigurationName = Release;
		};
		A6B79F3120803B9A00660BBC /* Build configuration list for PBXNativeTarget "Hero GuestUITests" */ = {
			isa = XCConfigurationList;
			buildConfigurations = (
				A6B79F3220803B9A00660BBC /* Debug */,
				A6B79F3320803B9A00660BBC /* Release */,
			);
			defaultConfigurationIsVisible = 0;
			defaultConfigurationName = Release;
		};
/* End XCConfigurationList section */
	};
	rootObject = A6B79EFB20803B9500660BBC /* Project object */;
}
